{
  "version": 4,
  "terraform_version": "1.2.7",
  "serial": 14,
  "lineage": "d022acce-0d97-4a84-2d8a-ee85657a4832",
  "outputs": {},
  "resources": [
    {
      "mode": "data",
      "type": "huaweicloud_availability_zones",
      "name": "myaz",
      "provider": "provider[\"registry.terraform.io/huaweicloud/huaweicloud\"]",
      "instances": [
        {
          "schema_version": 0,
          "attributes": {
            "id": "1768895711",
            "names": [
              "ap-southeast-2a",
              "ap-southeast-2b",
              "ap-southeast-2c"
            ],
            "region": null,
            "state": "available"
          },
          "sensitive_attributes": []
        }
      ]
    },
    {
      "mode": "data",
      "type": "huaweicloud_compute_flavors",
      "name": "myflavor",
      "provider": "provider[\"registry.terraform.io/huaweicloud/huaweicloud\"]",
      "instances": [
        {
          "schema_version": 0,
          "attributes": {
            "availability_zone": "ap-southeast-2a",
            "cpu_core_count": 2,
            "generation": null,
            "id": "2797063393",
            "ids": [
              "s3.large.2",
              "s6.large.2"
            ],
            "memory_size": 4,
            "performance_type": "normal",
            "region": "ap-southeast-2"
          },
          "sensitive_attributes": []
        }
      ]
    },
    {
      "mode": "data",
      "type": "huaweicloud_images_image",
      "name": "os_instance",
      "provider": "provider[\"registry.terraform.io/huaweicloud/huaweicloud\"]",
      "instances": [
        {
          "schema_version": 0,
          "attributes": {
            "architecture": null,
            "checksum": "d41d8cd98f00b204e9800998ecf8427e",
            "container_format": "bare",
            "created_at": "2020-10-09T15:00:06Z",
            "disk_format": "zvhd2",
            "enterprise_project_id": "",
            "file": "/v2/images/42482a40-2ff8-41a5-ac02-01701c1b644f/file",
            "id": "42482a40-2ff8-41a5-ac02-01701c1b644f",
            "image_type": "FusionCompute",
            "metadata": null,
            "min_disk_gb": 40,
            "min_ram_mb": 1024,
            "most_recent": true,
            "name": "Ubuntu 20.04 server 64bit",
            "name_regex": null,
            "os": "Ubuntu",
            "os_version": "Ubuntu 20.04 server 64bit",
            "owner": "51e6a67e20df47a08a1f6528bbbd18f7",
            "protected": true,
            "region": null,
            "schema": "/v2/schemas/image",
            "size_bytes": 2219290624,
            "size_max": null,
            "size_min": null,
            "sort_direction": "asc",
            "sort_key": "name",
            "status": "active",
            "tag": null,
            "updated_at": "2022-03-03T12:12:12Z",
            "visibility": "public"
          },
          "sensitive_attributes": []
        }
      ]
    },
    {
      "mode": "managed",
      "type": "huaweicloud_compute_instance",
      "name": "proxy",
      "provider": "provider[\"registry.terraform.io/huaweicloud/huaweicloud\"]",
      "instances": [
        {
          "schema_version": 0,
          "attributes": {
            "access_ip_v4": "192.168.1.62",
            "access_ip_v6": "",
            "admin_pass": "R3dh@t!@#",
            "agency_name": "",
            "agent_list": "",
            "auto_pay": null,
            "auto_renew": null,
            "availability_zone": "ap-southeast-2a",
            "bandwidth": [],
            "block_device": [],
            "charging_mode": "postPaid",
            "data_disks": [],
            "delete_disks_on_termination": null,
            "delete_eip_on_termination": true,
            "eip_id": null,
            "eip_type": null,
            "enterprise_project_id": "0",
            "flavor_id": "s3.large.2",
            "flavor_name": "s3.large.2",
            "id": "999d5434-70f9-4ac4-a1e0-b6459162170c",
            "image_id": "42482a40-2ff8-41a5-ac02-01701c1b644f",
            "image_name": "Ubuntu 20.04 server 64bit",
            "key_pair": null,
            "metadata": null,
            "name": "proxy",
            "network": [
              {
                "access_network": false,
                "fixed_ip_v4": "192.168.1.62",
                "fixed_ip_v6": "",
                "ipv6_enable": false,
                "mac": "fa:16:3e:9d:f5:33",
                "port": "5949b41c-7539-4fb2-b27f-3a460b239960",
                "source_dest_check": true,
                "uuid": "81f8e229-dca3-481a-afc8-e75a94e3f5eb"
              }
            ],
            "period": null,
            "period_unit": null,
            "power_action": null,
            "public_ip": null,
            "region": "ap-southeast-2",
            "scheduler_hints": [],
            "security_group_ids": [
              "6a5b662e-c0fd-4a61-90a5-359d874d42e7"
            ],
            "security_groups": [
              "default"
            ],
            "status": "ACTIVE",
            "stop_before_destroy": false,
            "system_disk_id": "1568c144-870c-4abf-9c38-e69216186416",
            "system_disk_size": 40,
            "system_disk_type": "GPSSD",
            "tags": null,
            "timeouts": null,
            "user_data": null,
            "user_id": null,
            "volume_attached": [
              {
                "boot_index": 0,
                "pci_address": "0000:02:01.0",
                "size": 40,
                "type": "GPSSD",
                "volume_id": "1568c144-870c-4abf-9c38-e69216186416"
              }
            ]
          },
          "sensitive_attributes": [],
          "private": "eyJlMmJmYjczMC1lY2FhLTExZTYtOGY4OC0zNDM2M2JjN2M0YzAiOnsiY3JlYXRlIjoxODAwMDAwMDAwMDAwLCJkZWxldGUiOjE4MDAwMDAwMDAwMDAsInVwZGF0ZSI6MTgwMDAwMDAwMDAwMH19",
          "dependencies": [
            "data.huaweicloud_availability_zones.myaz",
            "data.huaweicloud_compute_flavors.myflavor",
            "data.huaweicloud_images_image.os_instance"
          ]
        }
      ]
    },
    {
      "mode": "managed",
      "type": "huaweicloud_compute_instance",
      "name": "sonarqube",
      "provider": "provider[\"registry.terraform.io/huaweicloud/huaweicloud\"]",
      "instances": [
        {
          "schema_version": 0,
          "attributes": {
            "access_ip_v4": "192.168.3.183",
            "access_ip_v6": "",
            "admin_pass": "R3dh@t!@#",
            "agency_name": "",
            "agent_list": "",
            "auto_pay": null,
            "auto_renew": null,
            "availability_zone": "ap-southeast-2a",
            "bandwidth": [],
            "block_device": [],
            "charging_mode": "postPaid",
            "data_disks": [],
            "delete_disks_on_termination": null,
            "delete_eip_on_termination": true,
            "eip_id": null,
            "eip_type": null,
            "enterprise_project_id": "0",
            "flavor_id": "s3.large.2",
            "flavor_name": "s3.large.2",
            "id": "40741610-84f2-4058-85d3-2cf7fad374f6",
            "image_id": "42482a40-2ff8-41a5-ac02-01701c1b644f",
            "image_name": "Ubuntu 20.04 server 64bit",
            "key_pair": null,
            "metadata": null,
            "name": "sonarqube",
            "network": [
              {
                "access_network": false,
                "fixed_ip_v4": "192.168.3.183",
                "fixed_ip_v6": "",
                "ipv6_enable": false,
                "mac": "fa:16:3e:8d:e7:9c",
                "port": "05fba8c3-b84a-4a1e-9dc7-e6ddaafa5d2f",
                "source_dest_check": true,
                "uuid": "ae7bdae3-bcca-43be-96af-f0f98501a1ae"
              }
            ],
            "period": null,
            "period_unit": null,
            "power_action": null,
            "public_ip": null,
            "region": "ap-southeast-2",
            "scheduler_hints": [],
            "security_group_ids": [
              "6a5b662e-c0fd-4a61-90a5-359d874d42e7"
            ],
            "security_groups": [
              "default"
            ],
            "status": "ACTIVE",
            "stop_before_destroy": false,
            "system_disk_id": "994fc1d4-3608-44f1-b7d0-b36a16fbede4",
            "system_disk_size": 40,
            "system_disk_type": "GPSSD",
            "tags": null,
            "timeouts": null,
            "user_data": null,
            "user_id": null,
            "volume_attached": [
              {
                "boot_index": 0,
                "pci_address": "0000:02:01.0",
                "size": 40,
                "type": "GPSSD",
                "volume_id": "994fc1d4-3608-44f1-b7d0-b36a16fbede4"
              }
            ]
          },
          "sensitive_attributes": [],
          "private": "eyJlMmJmYjczMC1lY2FhLTExZTYtOGY4OC0zNDM2M2JjN2M0YzAiOnsiY3JlYXRlIjoxODAwMDAwMDAwMDAwLCJkZWxldGUiOjE4MDAwMDAwMDAwMDAsInVwZGF0ZSI6MTgwMDAwMDAwMDAwMH19",
          "dependencies": [
            "data.huaweicloud_availability_zones.myaz",
            "data.huaweicloud_compute_flavors.myflavor",
            "data.huaweicloud_images_image.os_instance"
          ]
        }
      ]
    }
  ]
}
