{
  "version": 4,
  "terraform_version": "1.2.7",
  "serial": 111,
  "lineage": "d022acce-0d97-4a84-2d8a-ee85657a4832",
  "outputs": {},
  "resources": [
    {
      "mode": "data",
      "type": "huaweicloud_availability_zones",
      "name": "myaz",
      "provider": "provider[\"registry.terraform.io/huaweicloud/huaweicloud\"]",
      "instances": [
        {
          "schema_version": 0,
          "attributes": {
            "id": "1768895711",
            "names": [
              "ap-southeast-2a",
              "ap-southeast-2b",
              "ap-southeast-2c"
            ],
            "region": null,
            "state": "available"
          },
          "sensitive_attributes": []
        }
      ]
    },
    {
      "mode": "data",
      "type": "huaweicloud_compute_flavors",
      "name": "myflavor",
      "provider": "provider[\"registry.terraform.io/huaweicloud/huaweicloud\"]",
      "instances": [
        {
          "schema_version": 0,
          "attributes": {
            "availability_zone": "ap-southeast-2a",
            "cpu_core_count": 2,
            "generation": null,
            "id": "1342747834",
            "ids": [
              "s3.large.4",
              "s6.large.4"
            ],
            "memory_size": 8,
            "performance_type": "normal",
            "region": "ap-southeast-2"
          },
          "sensitive_attributes": []
        }
      ]
    },
    {
      "mode": "data",
      "type": "huaweicloud_images_image",
      "name": "os_instance",
      "provider": "provider[\"registry.terraform.io/huaweicloud/huaweicloud\"]",
      "instances": [
        {
          "schema_version": 0,
          "attributes": {
            "architecture": null,
            "checksum": "d41d8cd98f00b204e9800998ecf8427e",
            "container_format": "bare",
            "created_at": "2020-10-09T15:00:06Z",
            "disk_format": "zvhd2",
            "enterprise_project_id": "",
            "file": "/v2/images/42482a40-2ff8-41a5-ac02-01701c1b644f/file",
            "id": "42482a40-2ff8-41a5-ac02-01701c1b644f",
            "image_type": "FusionCompute",
            "metadata": null,
            "min_disk_gb": 40,
            "min_ram_mb": 1024,
            "most_recent": true,
            "name": "Ubuntu 20.04 server 64bit",
            "name_regex": null,
            "os": "Ubuntu",
            "os_version": "Ubuntu 20.04 server 64bit",
            "owner": "51e6a67e20df47a08a1f6528bbbd18f7",
            "protected": true,
            "region": null,
            "schema": "/v2/schemas/image",
            "size_bytes": 2219290624,
            "size_max": null,
            "size_min": null,
            "sort_direction": "asc",
            "sort_key": "name",
            "status": "active",
            "tag": null,
            "updated_at": "2022-03-03T12:12:12Z",
            "visibility": "public"
          },
          "sensitive_attributes": []
        }
      ]
    },
    {
      "mode": "data",
      "type": "huaweicloud_vpc_subnet",
      "name": "proxysubnet",
      "provider": "provider[\"registry.terraform.io/huaweicloud/huaweicloud\"]",
      "instances": [
        {
          "schema_version": 0,
          "attributes": {
            "availability_zone": "",
            "cidr": "192.168.1.0/24",
            "description": "",
            "dhcp_enable": true,
            "dns_list": [
              "100.125.1.250",
              "100.125.1.251"
            ],
            "gateway_ip": "192.168.1.1",
            "id": "1f7b3e72-c297-4e30-9066-7cf1d1d3e389",
            "ipv6_cidr": "",
            "ipv6_enable": false,
            "ipv6_gateway": "",
            "ipv6_subnet_id": "",
            "name": "proxysubnet",
            "primary_dns": "100.125.1.250",
            "region": "ap-southeast-2",
            "secondary_dns": "100.125.1.251",
            "status": "ACTIVE",
            "subnet_id": "8456a8a3-1b86-436d-bd57-e4758d227fbc",
            "vpc_id": "25b51bab-99f0-4cf3-a44f-4475ef68767a"
          },
          "sensitive_attributes": []
        }
      ]
    },
    {
      "mode": "managed",
      "type": "huaweicloud_compute_instance",
      "name": "instance",
      "provider": "provider[\"registry.terraform.io/huaweicloud/huaweicloud\"]",
      "instances": [
        {
          "schema_version": 0,
          "attributes": {
            "access_ip_v4": "192.168.1.135",
            "access_ip_v6": "",
            "admin_pass": "R3dh@t!@#",
            "agency_name": "",
            "agent_list": "",
            "auto_pay": null,
            "auto_renew": null,
            "availability_zone": "ap-southeast-2a",
            "bandwidth": [],
            "block_device": [],
            "charging_mode": "postPaid",
            "data_disks": [],
            "delete_disks_on_termination": null,
            "delete_eip_on_termination": true,
            "eip_id": null,
            "eip_type": null,
            "enterprise_project_id": "0",
            "flavor_id": "s3.large.4",
            "flavor_name": "s3.large.4",
            "id": "c3380de3-959c-4cdf-aabd-71f93940d9f3",
            "image_id": "42482a40-2ff8-41a5-ac02-01701c1b644f",
            "image_name": "Ubuntu 20.04 server 64bit",
            "key_pair": null,
            "metadata": null,
            "name": "proxy",
            "network": [
              {
                "access_network": false,
                "fixed_ip_v4": "192.168.1.135",
                "fixed_ip_v6": "",
                "ipv6_enable": false,
                "mac": "fa:16:3e:88:e0:67",
                "port": "f20dff5a-73af-4dce-b796-e364a48c4bc4",
                "source_dest_check": true,
                "uuid": "1f7b3e72-c297-4e30-9066-7cf1d1d3e389"
              }
            ],
            "period": null,
            "period_unit": null,
            "power_action": null,
            "public_ip": null,
            "region": "ap-southeast-2",
            "scheduler_hints": [],
            "security_group_ids": [
              "f6dfdd78-f9d6-4936-90b2-33a3933406e9"
            ],
            "security_groups": [
              "default"
            ],
            "status": "ACTIVE",
            "stop_before_destroy": false,
            "system_disk_id": "897febe7-af2e-4a72-acbe-192affbbb6d3",
            "system_disk_size": 40,
            "system_disk_type": "GPSSD",
            "tags": null,
            "timeouts": null,
            "user_data": null,
            "user_id": null,
            "volume_attached": [
              {
                "boot_index": 0,
                "pci_address": "0000:02:01.0",
                "size": 40,
                "type": "GPSSD",
                "volume_id": "897febe7-af2e-4a72-acbe-192affbbb6d3"
              }
            ]
          },
          "sensitive_attributes": [],
          "private": "eyJlMmJmYjczMC1lY2FhLTExZTYtOGY4OC0zNDM2M2JjN2M0YzAiOnsiY3JlYXRlIjoxODAwMDAwMDAwMDAwLCJkZWxldGUiOjE4MDAwMDAwMDAwMDAsInVwZGF0ZSI6MTgwMDAwMDAwMDAwMH19",
          "dependencies": [
            "data.huaweicloud_availability_zones.myaz",
            "data.huaweicloud_compute_flavors.myflavor",
            "data.huaweicloud_images_image.os_instance",
            "data.huaweicloud_vpc_subnet.proxysubnet"
          ]
        }
      ]
    },
    {
      "mode": "managed",
      "type": "huaweicloud_vpc_subnet",
      "name": "proxysubnet",
      "provider": "provider[\"registry.terraform.io/huaweicloud/huaweicloud\"]",
      "instances": [
        {
          "schema_version": 0,
          "attributes": {
            "availability_zone": "",
            "cidr": "192.168.1.0/24",
            "description": "",
            "dhcp_enable": true,
            "dns_list": [
              "100.125.1.250",
              "100.125.1.251"
            ],
            "gateway_ip": "192.168.1.1",
            "id": "1f7b3e72-c297-4e30-9066-7cf1d1d3e389",
            "ipv6_cidr": "",
            "ipv6_enable": false,
            "ipv6_gateway": "",
            "ipv6_subnet_id": "",
            "name": "proxysubnet",
            "primary_dns": "100.125.1.250",
            "region": "ap-southeast-2",
            "secondary_dns": "100.125.1.251",
            "subnet_id": "8456a8a3-1b86-436d-bd57-e4758d227fbc",
            "tags": {},
            "timeouts": null,
            "vpc_id": "25b51bab-99f0-4cf3-a44f-4475ef68767a"
          },
          "sensitive_attributes": [],
          "private": "eyJlMmJmYjczMC1lY2FhLTExZTYtOGY4OC0zNDM2M2JjN2M0YzAiOnsiY3JlYXRlIjozMDAwMDAwMDAwMDAsImRlbGV0ZSI6MzAwMDAwMDAwMDAwfX0="
        }
      ]
    }
  ]
}
